{
  "name": "scrapbox-garbage-collector",
  "version": "2.0.2",
  "lockfileVersion": 2,
  "requires": true,
  "packages": {
    "": {
      "name": "scrapbox-garbage-collector",
      "version": "2.0.2",
      "license": "CC0-1.0",
      "dependencies": {
        "@progfay/scrapbox-parser": "^7.2.0"
      },
      "bin": {
        "scrapbox-garbage-collector": "src/index.js"
      }
    },
    "node_modules/@progfay/scrapbox-parser": {
      "version": "7.2.0",
      "resolved": "https://registry.npmjs.org/@progfay/scrapbox-parser/-/scrapbox-parser-7.2.0.tgz",
      "integrity": "sha512-8b6jReJhSHVyoAkpzu4mO0hDN1qMl5j6NXhDxTd7C6AFeVjawVxudwCAM/2x0QQkI8K/L+wnaAv1w2fy0BiKSw=="
    }
  },
  "dependencies": {
    "@progfay/scrapbox-parser": {
      "version": "7.2.0",
      "resolved": "https://registry.npmjs.org/@progfay/scrapbox-parser/-/scrapbox-parser-7.2.0.tgz",
      "integrity": "sha512-8b6jReJhSHVyoAkpzu4mO0hDN1qMl5j6NXhDxTd7C6AFeVjawVxudwCAM/2x0QQkI8K/L+wnaAv1w2fy0BiKSw=="
    }
  }
}
