{
  "name": "scrapbox-garbage-collector",
  "version": "1.0.0",
  "lockfileVersion": 2,
  "requires": true,
  "packages": {
    "": {
      "name": "scrapbox-garbage-collector",
      "version": "1.0.0",
      "license": "MIT",
      "dependencies": {
        "@progfay/scrapbox-parser": "github:hata6502/scrapbox-parser#for-scrapbox-garbage-collector"
      }
    },
    "node_modules/@progfay/scrapbox-parser": {
      "version": "7.1.1",
      "resolved": "git+ssh://git@github.com/hata6502/scrapbox-parser.git#e4d022ba3e5934784662248a2ae69e0f17d464e5",
      "license": "MIT"
    }
  },
  "dependencies": {
    "@progfay/scrapbox-parser": {
      "version": "git+ssh://git@github.com/hata6502/scrapbox-parser.git#e4d022ba3e5934784662248a2ae69e0f17d464e5",
      "from": "@progfay/scrapbox-parser@github:hata6502/scrapbox-parser#for-scrapbox-garbage-collector"
    }
  }
}
