{
  "name": "scrapbox-garbage-collector",
  "version": "2.0.1",
  "lockfileVersion": 2,
  "requires": true,
  "packages": {
    "": {
      "name": "scrapbox-garbage-collector",
      "version": "2.0.1",
      "license": "CC0-1.0",
      "dependencies": {
        "@progfay/scrapbox-parser": "github:hata6502/scrapbox-parser#for-scrapbox-garbage-collector"
      },
      "bin": {
        "scrapbox-garbage-collector": "src/index.js"
      }
    },
    "node_modules/@progfay/scrapbox-parser": {
      "version": "7.1.3",
      "resolved": "git+ssh://git@github.com/hata6502/scrapbox-parser.git#5565cacfb9c1f461276d4374b3dc150d11fdd84b",
      "license": "MIT"
    }
  },
  "dependencies": {
    "@progfay/scrapbox-parser": {
      "version": "git+ssh://git@github.com/hata6502/scrapbox-parser.git#5565cacfb9c1f461276d4374b3dc150d11fdd84b",
      "from": "@progfay/scrapbox-parser@github:hata6502/scrapbox-parser#for-scrapbox-garbage-collector"
    }
  }
}
